
Microsoft Visual Studio Solution File, Format Version 12.00
# Visual Studio Version 16
VisualStudioVersion = 16.0.31205.134
MinimumVisualStudioVersion = 10.0.40219.1
Project("{FAE04EC0-301F-11D3-BF4B-00C04F79EFBC}") = "TokenProject", "TokenProject\TokenProject.csproj", "{98BC0150-845E-44D5-A29D-50332F1AF36E}"
EndProject
Project("{FAE04EC0-301F-11D3-BF4B-00C04F79EFBC}") = "TokenProject.Business", "TokenProject.Business\TokenProject.Business.csproj", "{DD1428A3-416F-4DB0-855C-288B35342022}"
EndProject
Project("{FAE04EC0-301F-11D3-BF4B-00C04F79EFBC}") = "TokenProject.Core", "TokenProject.Core\TokenProject.Core.csproj", "{AA272753-8FF4-40DE-B8C3-DF365A09AC5A}"
EndProject
Project("{FAE04EC0-301F-11D3-BF4B-00C04F79EFBC}") = "TokenProject.DataAccess", "TokenProject.DataAccess\TokenProject.DataAccess.csproj", "{3A95573D-861C-40F2-99FE-370FF13FC1DD}"
EndProject
Project("{FAE04EC0-301F-11D3-BF4B-00C04F79EFBC}") = "TokenProject.Entities", "TokenProject.Entities\TokenProject.Entities.csproj", "{ACBDB399-2875-44D7-922B-04CC9DAC0D87}"
EndProject
Global
	GlobalSection(SolutionConfigurationPlatforms) = preSolution
		Debug|Any CPU = Debug|Any CPU
		Release|Any CPU = Release|Any CPU
	EndGlobalSection
	GlobalSection(ProjectConfigurationPlatforms) = postSolution
		{98BC0150-845E-44D5-A29D-50332F1AF36E}.Debug|Any CPU.ActiveCfg = Debug|Any CPU
		{98BC0150-845E-44D5-A29D-50332F1AF36E}.Debug|Any CPU.Build.0 = Debug|Any CPU
		{98BC0150-845E-44D5-A29D-50332F1AF36E}.Release|Any CPU.ActiveCfg = Release|Any CPU
		{98BC0150-845E-44D5-A29D-50332F1AF36E}.Release|Any CPU.Build.0 = Release|Any CPU
		{DD1428A3-416F-4DB0-855C-288B35342022}.Debug|Any CPU.ActiveCfg = Debug|Any CPU
		{DD1428A3-416F-4DB0-855C-288B35342022}.Debug|Any CPU.Build.0 = Debug|Any CPU
		{DD1428A3-416F-4DB0-855C-288B35342022}.Release|Any CPU.ActiveCfg = Release|Any CPU
		{DD1428A3-416F-4DB0-855C-288B35342022}.Release|Any CPU.Build.0 = Release|Any CPU
		{AA272753-8FF4-40DE-B8C3-DF365A09AC5A}.Debug|Any CPU.ActiveCfg = Debug|Any CPU
		{AA272753-8FF4-40DE-B8C3-DF365A09AC5A}.Debug|Any CPU.Build.0 = Debug|Any CPU
		{AA272753-8FF4-40DE-B8C3-DF365A09AC5A}.Release|Any CPU.ActiveCfg = Release|Any CPU
		{AA272753-8FF4-40DE-B8C3-DF365A09AC5A}.Release|Any CPU.Build.0 = Release|Any CPU
		{3A95573D-861C-40F2-99FE-370FF13FC1DD}.Debug|Any CPU.ActiveCfg = Debug|Any CPU
		{3A95573D-861C-40F2-99FE-370FF13FC1DD}.Debug|Any CPU.Build.0 = Debug|Any CPU
		{3A95573D-861C-40F2-99FE-370FF13FC1DD}.Release|Any CPU.ActiveCfg = Release|Any CPU
		{3A95573D-861C-40F2-99FE-370FF13FC1DD}.Release|Any CPU.Build.0 = Release|Any CPU
		{ACBDB399-2875-44D7-922B-04CC9DAC0D87}.Debug|Any CPU.ActiveCfg = Debug|Any CPU
		{ACBDB399-2875-44D7-922B-04CC9DAC0D87}.Debug|Any CPU.Build.0 = Debug|Any CPU
		{ACBDB399-2875-44D7-922B-04CC9DAC0D87}.Release|Any CPU.ActiveCfg = Release|Any CPU
		{ACBDB399-2875-44D7-922B-04CC9DAC0D87}.Release|Any CPU.Build.0 = Release|Any CPU
	EndGlobalSection
	GlobalSection(SolutionProperties) = preSolution
		HideSolutionNode = FALSE
	EndGlobalSection
	GlobalSection(ExtensibilityGlobals) = postSolution
		SolutionGuid = {EFD6B453-7B9B-47D8-98EA-957FAD412DFA}
	EndGlobalSection
EndGlobal
